<?xml version="1.0" encoding="utf-8"?>
<Project ToolsVersion="4.0" xmlns="http://schemas.microsoft.com/developer/msbuild/2003">
  <ItemGroup>
    <Filter Include="소스 파일">
      <UniqueIdentifier>{4FC737F1-C7A5-4376-A066-2A32D752A2FF}</UniqueIdentifier>
      <Extensions>cpp;c;cc;cxx;c++;cppm;ixx;def;odl;idl;hpj;bat;asm;asmx</Extensions>
    </Filter>
    <Filter Include="헤더 파일">
      <UniqueIdentifier>{93995380-89BD-4b04-88EB-625FBE52EBFB}</UniqueIdentifier>
      <Extensions>h;hh;hpp;hxx;h++;hm;inl;inc;ipp;xsd</Extensions>
    </Filter>
    <Filter Include="리소스 파일">
      <UniqueIdentifier>{67DA6AB6-F800-4c08-8B7A-83BB121AAD01}</UniqueIdentifier>
      <Extensions>rc;ico;cur;bmp;dlg;rc2;rct;bin;rgs;gif;jpg;jpeg;jpe;resx;tiff;tif;png;wav;mfcribbon-ms</Extensions>
    </Filter>
    <Filter Include="Engine">
      <UniqueIdentifier>{5423c3b4-d7f4-4987-8006-080cb592dfc2}</UniqueIdentifier>
    </Filter>
    <Filter Include="Engine\Core">
      <UniqueIdentifier>{f13f72aa-63be-46c3-b0f1-34e30d7540cc}</UniqueIdentifier>
    </Filter>
    <Filter Include="Engine\Header">
      <UniqueIdentifier>{fb29b34d-6238-4f0b-8801-01b4dd8ee049}</UniqueIdentifier>
    </Filter>
    <Filter Include="Engine\Manager">
      <UniqueIdentifier>{1f1248c2-0e84-4666-b636-695988840e3b}</UniqueIdentifier>
    </Filter>
    <Filter Include="Engine\Manager\KeyMgr">
      <UniqueIdentifier>{01218b4a-e319-4918-816a-d4198e194bb9}</UniqueIdentifier>
    </Filter>
    <Filter Include="소스 파일\수업">
      <UniqueIdentifier>{400ff658-7928-4659-8900-6db49c465019}</UniqueIdentifier>
    </Filter>
    <Filter Include="Engine\Object">
      <UniqueIdentifier>{da7736a7-cd61-4031-96a2-b28b468592b0}</UniqueIdentifier>
    </Filter>
    <Filter Include="헤더 파일\디폴트">
      <UniqueIdentifier>{9a1e852b-e2a3-4576-b32b-d16409841cd9}</UniqueIdentifier>
    </Filter>
    <Filter Include="Engine\Tool">
      <UniqueIdentifier>{b314971d-7d79-441e-9953-14ae7221afe1}</UniqueIdentifier>
    </Filter>
    <Filter Include="소스 파일\미니게임">
      <UniqueIdentifier>{d35d18ba-71b4-4d3b-ad28-00111570da3d}</UniqueIdentifier>
    </Filter>
    <Filter Include="소스 파일\작업중">
      <UniqueIdentifier>{71c7673e-d330-4842-b648-c1a679c9423e}</UniqueIdentifier>
    </Filter>
    <Filter Include="헤더 파일\작업중">
      <UniqueIdentifier>{1644d1f5-1c24-417a-ba24-b1b616c29892}</UniqueIdentifier>
    </Filter>
    <Filter Include="헤더 파일\미니게임">
      <UniqueIdentifier>{9bb38146-1dd3-4b88-bdd9-d8269bd9c4fd}</UniqueIdentifier>
    </Filter>
  </ItemGroup>
  <ItemGroup>
    <ClInclude Include="WinAPI_Proj.h">
      <Filter>헤더 파일</Filter>
    </ClInclude>
    <ClInclude Include="CCore.h">
      <Filter>Engine\Core</Filter>
    </ClInclude>
    <ClInclude Include="pch.h">
      <Filter>Engine\Header</Filter>
    </ClInclude>
    <ClInclude Include="define.h">
      <Filter>Engine\Header</Filter>
    </ClInclude>
    <ClInclude Include="CKeyMgr.h">
      <Filter>Engine\Manager\KeyMgr</Filter>
    </ClInclude>
    <ClInclude Include="GObject.h">
      <Filter>Engine\Object</Filter>
    </ClInclude>
    <ClInclude Include="Resource.h">
      <Filter>헤더 파일\디폴트</Filter>
    </ClInclude>
    <ClInclude Include="targetver.h">
      <Filter>헤더 파일\디폴트</Filter>
    </ClInclude>
    <ClInclude Include="framework.h">
      <Filter>헤더 파일\디폴트</Filter>
    </ClInclude>
    <ClInclude Include="CTimeMgr.h">
      <Filter>Engine\Manager</Filter>
    </ClInclude>
    <ClInclude Include="CTool.h">
      <Filter>Engine\Tool</Filter>
    </ClInclude>
    <ClInclude Include="CBullet.h">
      <Filter>헤더 파일\미니게임</Filter>
    </ClInclude>
    <ClInclude Include="CEnemy.h">
      <Filter>헤더 파일\미니게임</Filter>
    </ClInclude>
    <ClInclude Include="CWall.h">
      <Filter>헤더 파일\미니게임</Filter>
    </ClInclude>
    <ClInclude Include="Player.h">
      <Filter>헤더 파일\미니게임</Filter>
    </ClInclude>
    <ClInclude Include="CSpawner.h">
      <Filter>헤더 파일\미니게임</Filter>
    </ClInclude>
    <ClInclude Include="CommandCenter.h">
      <Filter>헤더 파일\미니게임</Filter>
    </ClInclude>
    <ClInclude Include="CObject.h">
      <Filter>헤더 파일\작업중</Filter>
    </ClInclude>
    <ClInclude Include="Collider.h">
      <Filter>헤더 파일\작업중</Filter>
    </ClInclude>
    <ClInclude Include="cVector3.h">
      <Filter>헤더 파일\작업중</Filter>
    </ClInclude>
    <ClInclude Include="KeyMgr.h">
      <Filter>헤더 파일\작업중</Filter>
    </ClInclude>
    <ClInclude Include="Vec2.h">
      <Filter>헤더 파일\작업중</Filter>
    </ClInclude>
  </ItemGroup>
  <ItemGroup>
    <ClCompile Include="CCore.cpp">
      <Filter>Engine\Core</Filter>
    </ClCompile>
    <ClCompile Include="0703.cpp">
      <Filter>소스 파일\수업</Filter>
    </ClCompile>
    <ClCompile Include="0705.cpp">
      <Filter>소스 파일\수업</Filter>
    </ClCompile>
    <ClCompile Include="0706.cpp">
      <Filter>소스 파일\수업</Filter>
    </ClCompile>
    <ClCompile Include="0707.cpp">
      <Filter>소스 파일\수업</Filter>
    </ClCompile>
    <ClCompile Include="WinAPI_Proj.cpp">
      <Filter>소스 파일\수업</Filter>
    </ClCompile>
    <ClCompile Include="WindowsProject1.cpp">
      <Filter>소스 파일\수업</Filter>
    </ClCompile>
    <ClCompile Include="CKeyMgr.cpp">
      <Filter>Engine\Manager\KeyMgr</Filter>
    </ClCompile>
    <ClCompile Include="sample.cpp">
      <Filter>소스 파일\수업</Filter>
    </ClCompile>
    <ClCompile Include="GObject.cpp">
      <Filter>Engine\Object</Filter>
    </ClCompile>
    <ClCompile Include="CTimeMgr.cpp">
      <Filter>Engine\Manager</Filter>
    </ClCompile>
    <ClCompile Include="CTool.cpp">
      <Filter>Engine\Tool</Filter>
    </ClCompile>
    <ClCompile Include="CBullet.cpp">
      <Filter>소스 파일\미니게임</Filter>
    </ClCompile>
    <ClCompile Include="CEnemy.cpp">
      <Filter>소스 파일\미니게임</Filter>
    </ClCompile>
    <ClCompile Include="CommandCenter.cpp">
      <Filter>소스 파일\미니게임</Filter>
    </ClCompile>
    <ClCompile Include="CSpawner.cpp">
      <Filter>소스 파일\미니게임</Filter>
    </ClCompile>
    <ClCompile Include="CWall.cpp">
      <Filter>소스 파일\미니게임</Filter>
    </ClCompile>
    <ClCompile Include="MiniGame.cpp">
      <Filter>소스 파일\미니게임</Filter>
    </ClCompile>
    <ClCompile Include="Player.cpp">
      <Filter>소스 파일\미니게임</Filter>
    </ClCompile>
    <ClCompile Include="0710.cpp">
      <Filter>소스 파일\작업중</Filter>
    </ClCompile>
    <ClCompile Include="CObject.cpp">
      <Filter>소스 파일\작업중</Filter>
    </ClCompile>
    <ClCompile Include="CObjectTest.cpp">
      <Filter>소스 파일\작업중</Filter>
    </ClCompile>
    <ClCompile Include="Collider.cpp">
      <Filter>소스 파일\작업중</Filter>
    </ClCompile>
    <ClCompile Include="cVector3.cpp">
      <Filter>소스 파일\작업중</Filter>
    </ClCompile>
    <ClCompile Include="KeyMgr.cpp">
      <Filter>소스 파일\작업중</Filter>
    </ClCompile>
    <ClCompile Include="Vec2.cpp">
      <Filter>소스 파일\작업중</Filter>
    </ClCompile>
  </ItemGroup>
  <ItemGroup>
    <ResourceCompile Include="WinAPI_Proj.rc">
      <Filter>리소스 파일</Filter>
    </ResourceCompile>
  </ItemGroup>
  <ItemGroup>
    <Image Include="small.ico">
      <Filter>리소스 파일</Filter>
    </Image>
    <Image Include="WinAPI_Proj.ico">
      <Filter>리소스 파일</Filter>
    </Image>
  </ItemGroup>
</Project>